
Microsoft Visual Studio Solution File, Format Version 12.00
# Visual Studio Version 17
VisualStudioVersion = 17.14.36203.30 d17.14
MinimumVisualStudioVersion = 10.0.40219.1
Project("{FAE04EC0-301F-11D3-BF4B-00C04F79EFBC}") = "EmprestimoLivros", "EmprestimoLivros\EmprestimoLivros.csproj", "{6615E518-1966-4457-9D0E-83069EBD1331}"
EndProject
Global
	GlobalSection(SolutionConfigurationPlatforms) = preSolution
		Debug|Any CPU = Debug|Any CPU
		Release|Any CPU = Release|Any CPU
	EndGlobalSection
	GlobalSection(ProjectConfigurationPlatforms) = postSolution
		{6615E518-1966-4457-9D0E-83069EBD1331}.Debug|Any CPU.ActiveCfg = Debug|Any CPU
		{6615E518-1966-4457-9D0E-83069EBD1331}.Debug|Any CPU.Build.0 = Debug|Any CPU
		{6615E518-1966-4457-9D0E-83069EBD1331}.Release|Any CPU.ActiveCfg = Release|Any CPU
		{6615E518-1966-4457-9D0E-83069EBD1331}.Release|Any CPU.Build.0 = Release|Any CPU
	EndGlobalSection
	GlobalSection(SolutionProperties) = preSolution
		HideSolutionNode = FALSE
	EndGlobalSection
	GlobalSection(ExtensibilityGlobals) = postSolution
		SolutionGuid = {FEB0F860-665A-4CB6-BC34-66C56DD676E1}
	EndGlobalSection
EndGlobal
